
Microsoft Visual Studio Solution File, Format Version 12.00
# Visual Studio Version 17
VisualStudioVersion = 17.0.32014.148
MinimumVisualStudioVersion = 10.0.40219.1
Project("{9A19103F-16F7-4668-BE54-9A1E7A4F7556}") = "BlyatmirPutin.Models", "BlyatmirPutin.Models\BlyatmirPutin.Models.csproj", "{077C8EA2-F569-49D6-8BD1-D17C3851886D}"
EndProject
Project("{9A19103F-16F7-4668-BE54-9A1E7A4F7556}") = "BlyatmirPutin.Logic", "BlyatmirPutin.Logic\BlyatmirPutin.Logic.csproj", "{B610BDC7-3915-4396-828B-374FE3D16B2E}"
EndProject
Project("{9A19103F-16F7-4668-BE54-9A1E7A4F7556}") = "BlyatmirPutin.DataAccess", "BlyatmirPutin.DataAccess\BlyatmirPutin.DataAccess.csproj", "{5F2274DE-DCF9-431F-A0E2-30C2D5B64448}"
EndProject
Project("{9A19103F-16F7-4668-BE54-9A1E7A4F7556}") = "BlyatmirPutin.Common", "BlyatmirPutin.Common\BlyatmirPutin.Common.csproj", "{9886FED3-08C8-48F5-844A-ECEA0640F489}"
EndProject
Project("{9A19103F-16F7-4668-BE54-9A1E7A4F7556}") = "ConsoleApp1", "ConsoleApp1\ConsoleApp1.csproj", "{D0701B3F-E5A0-47B9-9A12-2AC06404F0BE}"
EndProject
Project("{FAE04EC0-301F-11D3-BF4B-00C04F79EFBC}") = "BlyatmirPutin.Tests", "BlyatmirPutin.Tests\BlyatmirPutin.Tests.csproj", "{B109C403-1BB4-4E3E-8C4C-A261910647BB}"
EndProject
Global
	GlobalSection(SolutionConfigurationPlatforms) = preSolution
		Debug|Any CPU = Debug|Any CPU
		Release|Any CPU = Release|Any CPU
	EndGlobalSection
	GlobalSection(ProjectConfigurationPlatforms) = postSolution
		{077C8EA2-F569-49D6-8BD1-D17C3851886D}.Debug|Any CPU.ActiveCfg = Debug|Any CPU
		{077C8EA2-F569-49D6-8BD1-D17C3851886D}.Debug|Any CPU.Build.0 = Debug|Any CPU
		{077C8EA2-F569-49D6-8BD1-D17C3851886D}.Release|Any CPU.ActiveCfg = Release|Any CPU
		{077C8EA2-F569-49D6-8BD1-D17C3851886D}.Release|Any CPU.Build.0 = Release|Any CPU
		{B610BDC7-3915-4396-828B-374FE3D16B2E}.Debug|Any CPU.ActiveCfg = Debug|Any CPU
		{B610BDC7-3915-4396-828B-374FE3D16B2E}.Debug|Any CPU.Build.0 = Debug|Any CPU
		{B610BDC7-3915-4396-828B-374FE3D16B2E}.Release|Any CPU.ActiveCfg = Release|Any CPU
		{B610BDC7-3915-4396-828B-374FE3D16B2E}.Release|Any CPU.Build.0 = Release|Any CPU
		{5F2274DE-DCF9-431F-A0E2-30C2D5B64448}.Debug|Any CPU.ActiveCfg = Debug|Any CPU
		{5F2274DE-DCF9-431F-A0E2-30C2D5B64448}.Debug|Any CPU.Build.0 = Debug|Any CPU
		{5F2274DE-DCF9-431F-A0E2-30C2D5B64448}.Release|Any CPU.ActiveCfg = Release|Any CPU
		{5F2274DE-DCF9-431F-A0E2-30C2D5B64448}.Release|Any CPU.Build.0 = Release|Any CPU
		{9886FED3-08C8-48F5-844A-ECEA0640F489}.Debug|Any CPU.ActiveCfg = Debug|Any CPU
		{9886FED3-08C8-48F5-844A-ECEA0640F489}.Debug|Any CPU.Build.0 = Debug|Any CPU
		{9886FED3-08C8-48F5-844A-ECEA0640F489}.Release|Any CPU.ActiveCfg = Release|Any CPU
		{9886FED3-08C8-48F5-844A-ECEA0640F489}.Release|Any CPU.Build.0 = Release|Any CPU
		{D0701B3F-E5A0-47B9-9A12-2AC06404F0BE}.Debug|Any CPU.ActiveCfg = Debug|Any CPU
		{D0701B3F-E5A0-47B9-9A12-2AC06404F0BE}.Debug|Any CPU.Build.0 = Debug|Any CPU
		{D0701B3F-E5A0-47B9-9A12-2AC06404F0BE}.Release|Any CPU.ActiveCfg = Release|Any CPU
		{D0701B3F-E5A0-47B9-9A12-2AC06404F0BE}.Release|Any CPU.Build.0 = Release|Any CPU
		{B109C403-1BB4-4E3E-8C4C-A261910647BB}.Debug|Any CPU.ActiveCfg = Debug|Any CPU
		{B109C403-1BB4-4E3E-8C4C-A261910647BB}.Debug|Any CPU.Build.0 = Debug|Any CPU
		{B109C403-1BB4-4E3E-8C4C-A261910647BB}.Release|Any CPU.ActiveCfg = Release|Any CPU
		{B109C403-1BB4-4E3E-8C4C-A261910647BB}.Release|Any CPU.Build.0 = Release|Any CPU
	EndGlobalSection
	GlobalSection(SolutionProperties) = preSolution
		HideSolutionNode = FALSE
	EndGlobalSection
	GlobalSection(ExtensibilityGlobals) = postSolution
		SolutionGuid = {DE3AFD0D-940E-4796-B844-D299DD3E7656}
	EndGlobalSection
EndGlobal
