
Microsoft Visual Studio Solution File, Format Version 12.00
# Visual Studio Version 16
VisualStudioVersion = 16.0.28922.388
MinimumVisualStudioVersion = 10.0.40219.1
Project("{FAE04EC0-301F-11D3-BF4B-00C04F79EFBC}") = "Blyatmir Putin Bot", "blyatmir-putin/Blyatmir Putin Bot.csproj", "{030DD485-7C46-45A4-BF38-9D42F0DAA2CC}"
EndProject
Global
	GlobalSection(SolutionConfigurationPlatforms) = preSolution
		Debug|Any CPU = Debug|Any CPU
		Release|Any CPU = Release|Any CPU
	EndGlobalSection
	GlobalSection(ProjectConfigurationPlatforms) = postSolution
		{030DD485-7C46-45A4-BF38-9D42F0DAA2CC}.Debug|Any CPU.ActiveCfg = Debug|Any CPU
		{030DD485-7C46-45A4-BF38-9D42F0DAA2CC}.Debug|Any CPU.Build.0 = Debug|Any CPU
		{030DD485-7C46-45A4-BF38-9D42F0DAA2CC}.Release|Any CPU.ActiveCfg = Release|Any CPU
		{030DD485-7C46-45A4-BF38-9D42F0DAA2CC}.Release|Any CPU.Build.0 = Release|Any CPU
	EndGlobalSection
	GlobalSection(SolutionProperties) = preSolution
		HideSolutionNode = FALSE
	EndGlobalSection
	GlobalSection(ExtensibilityGlobals) = postSolution
		SolutionGuid = {DE3AFD0D-940E-4796-B844-D299DD3E7656}
	EndGlobalSection
EndGlobal
